
Microsoft Visual Studio Solution File, Format Version 12.00
# Visual Studio Version 17
VisualStudioVersion = 17.12.35521.163 d17.12
MinimumVisualStudioVersion = 10.0.40219.1
Project("{FAE04EC0-301F-11D3-BF4B-00C04F79EFBC}") = "Chain of responsibility pattern", "Chain of responsibility pattern.csproj", "{3ADFB040-0CF5-43FB-ADED-A0BF327EC833}"
EndProject
Global
	GlobalSection(SolutionConfigurationPlatforms) = preSolution
		Debug|Any CPU = Debug|Any CPU
		Release|Any CPU = Release|Any CPU
	EndGlobalSection
	GlobalSection(ProjectConfigurationPlatforms) = postSolution
		{3ADFB040-0CF5-43FB-ADED-A0BF327EC833}.Debug|Any CPU.ActiveCfg = Debug|Any CPU
		{3ADFB040-0CF5-43FB-ADED-A0BF327EC833}.Debug|Any CPU.Build.0 = Debug|Any CPU
		{3ADFB040-0CF5-43FB-ADED-A0BF327EC833}.Release|Any CPU.ActiveCfg = Release|Any CPU
		{3ADFB040-0CF5-43FB-ADED-A0BF327EC833}.Release|Any CPU.Build.0 = Release|Any CPU
	EndGlobalSection
	GlobalSection(SolutionProperties) = preSolution
		HideSolutionNode = FALSE
	EndGlobalSection
EndGlobal
